
Microsoft Visual Studio Solution File, Format Version 12.00
# Visual Studio 15
VisualStudioVersion = 15.0.28307.572
MinimumVisualStudioVersion = 10.0.40219.1
Project("{9A19103F-16F7-4668-BE54-9A1E7A4F7556}") = "Math", "Math\Math.csproj", "{7A9BE667-A24E-4B87-8950-3BB41F8E0BFC}"
EndProject
Project("{FAE04EC0-301F-11D3-BF4B-00C04F79EFBC}") = "MathTest", "MathTest\MathTest.csproj", "{1F3B9CE1-4832-4C3E-8C24-7469545529DE}"
EndProject
Global
	GlobalSection(SolutionConfigurationPlatforms) = preSolution
		Debug|Any CPU = Debug|Any CPU
		Release|Any CPU = Release|Any CPU
	EndGlobalSection
	GlobalSection(ProjectConfigurationPlatforms) = postSolution
		{7A9BE667-A24E-4B87-8950-3BB41F8E0BFC}.Debug|Any CPU.ActiveCfg = Debug|Any CPU
		{7A9BE667-A24E-4B87-8950-3BB41F8E0BFC}.Debug|Any CPU.Build.0 = Debug|Any CPU
		{7A9BE667-A24E-4B87-8950-3BB41F8E0BFC}.Release|Any CPU.ActiveCfg = Release|Any CPU
		{7A9BE667-A24E-4B87-8950-3BB41F8E0BFC}.Release|Any CPU.Build.0 = Release|Any CPU
		{1F3B9CE1-4832-4C3E-8C24-7469545529DE}.Debug|Any CPU.ActiveCfg = Debug|Any CPU
		{1F3B9CE1-4832-4C3E-8C24-7469545529DE}.Debug|Any CPU.Build.0 = Debug|Any CPU
		{1F3B9CE1-4832-4C3E-8C24-7469545529DE}.Release|Any CPU.ActiveCfg = Release|Any CPU
		{1F3B9CE1-4832-4C3E-8C24-7469545529DE}.Release|Any CPU.Build.0 = Release|Any CPU
	EndGlobalSection
	GlobalSection(SolutionProperties) = preSolution
		HideSolutionNode = FALSE
	EndGlobalSection
	GlobalSection(ExtensibilityGlobals) = postSolution
		SolutionGuid = {38FD0AE0-55E3-4E01-B149-9C2A34384E34}
	EndGlobalSection
EndGlobal
